# THIS IS AN AUTOGENERATED FILE. DO NOT EDIT THIS FILE DIRECTLY.
# yarn lockfile v1


bootstrap@3.3.7:
  version "3.3.7"
  resolved "https://registry.yarnpkg.com/bootstrap/-/bootstrap-3.3.7.tgz#5a389394549f23330875a3b150656574f8a9eb71"

core-js@2.4.1:
  version "2.4.1"
  resolved "https://registry.yarnpkg.com/core-js/-/core-js-2.4.1.tgz#4de911e667b0eae9124e34254b53aea6fc618d3e"

font-awesome@4.7.0:
  version "4.7.0"
  resolved "https://registry.yarnpkg.com/font-awesome/-/font-awesome-4.7.0.tgz#8fa8cf0411a1a31afd07b06d2902bb9fc815a133"

jquery@3.2.1:
  version "3.2.1"
  resolved "https://registry.yarnpkg.com/jquery/-/jquery-3.2.1.tgz#5c4d9de652af6cd0a770154a631bba12b015c787"

perfect-scrollbar@^0.6.16:
  version "0.6.16"
  resolved "https://registry.yarnpkg.com/perfect-scrollbar/-/perfect-scrollbar-0.6.16.tgz#b1d61a5245cf3962bb9a8407a3fc669d923212fc"

redoc@1.14.0:
  version "1.14.0"
  resolved "https://registry.yarnpkg.com/redoc/-/redoc-1.14.0.tgz#2d585c9eda218d2e2a0b1a4f8f16f51d4403ca9c"
  dependencies:
    perfect-scrollbar "^0.6.16"

rxjs@5.3.0:
  version "5.3.0"
  resolved "https://registry.yarnpkg.com/rxjs/-/rxjs-5.3.0.tgz#d88ccbdd46af290cbdb97d5d8055e52453fabe2d"
  dependencies:
    symbol-observable "^1.0.1"

symbol-observable@^1.0.1:
  version "1.0.4"
  resolved "https://registry.yarnpkg.com/symbol-observable/-/symbol-observable-1.0.4.tgz#29bf615d4aa7121bdd898b22d4b3f9bc4e2aa03d"
